
Microsoft Visual Studio Solution File, Format Version 12.00
# Visual Studio Version 16
VisualStudioVersion = 16.0.29411.108
MinimumVisualStudioVersion = 10.0.40219.1
Project("{9A19103F-16F7-4668-BE54-9A1E7A4F7556}") = "Web", "Web\Web.csproj", "{3330B58E-F1D1-4B1A-AEF9-E18727299828}"
EndProject
Project("{9A19103F-16F7-4668-BE54-9A1E7A4F7556}") = "Business", "Business\Business.csproj", "{2DF58F5B-852B-49EE-8575-84DA1979941C}"
EndProject
Project("{9A19103F-16F7-4668-BE54-9A1E7A4F7556}") = "Data", "Data\Data.csproj", "{020544DB-CF3F-4A06-8D68-EC7E6CF5A6AB}"
EndProject
Project("{9A19103F-16F7-4668-BE54-9A1E7A4F7556}") = "Domain", "Domain\Domain.csproj", "{349AA861-12B4-4F99-B9A8-3503F59671CC}"
EndProject
Project("{9A19103F-16F7-4668-BE54-9A1E7A4F7556}") = "Repository", "Repository\Repository.csproj", "{6D91DB22-BBBB-4E0D-9DF9-71FCD5920521}"
EndProject
Project("{2150E333-8FDC-42A3-9474-1A3956D46DE8}") = "src", "src", "{45492238-5506-4B78-9EC4-8A361912D8B0}"
EndProject
Project("{2150E333-8FDC-42A3-9474-1A3956D46DE8}") = "Solution Items", "Solution Items", "{7C35E382-4C76-4F47-A618-4386778CB35F}"
	ProjectSection(SolutionItems) = preProject
		.gitignore = .gitignore
		azure-pipelines.yml = azure-pipelines.yml
	EndProjectSection
EndProject
Project("{2150E333-8FDC-42A3-9474-1A3956D46DE8}") = "test", "test", "{3566329B-4000-43DA-BDD5-CD14586130D0}"
EndProject
Project("{9A19103F-16F7-4668-BE54-9A1E7A4F7556}") = "WebTest", "WebTest\WebTest.csproj", "{A328261A-D481-4D86-A48E-4CDC29A7C3E7}"
EndProject
Project("{9A19103F-16F7-4668-BE54-9A1E7A4F7556}") = "BuisnessTest", "BuisnessTest\BuisnessTest.csproj", "{C39ACC9F-28EF-410D-922E-F3F1DECAEAC1}"
EndProject
Project("{9A19103F-16F7-4668-BE54-9A1E7A4F7556}") = "Service", "Service\Service.csproj", "{8E52FD99-57B7-4D5B-9847-0D5F371CCAAD}"
EndProject
Project("{9A19103F-16F7-4668-BE54-9A1E7A4F7556}") = "ServiceTest", "ServiceTest\ServiceTest.csproj", "{02B730E0-03CB-4A40-B3E4-9098D18BE5D9}"
EndProject
Project("{FAE04EC0-301F-11D3-BF4B-00C04F79EFBC}") = "Model", "Model\Model.csproj", "{843D35D3-7626-41B3-9B20-3B9F749391FF}"
EndProject
Global
	GlobalSection(SolutionConfigurationPlatforms) = preSolution
		Debug|Any CPU = Debug|Any CPU
		Production|Any CPU = Production|Any CPU
		Qa|Any CPU = Qa|Any CPU
		Release|Any CPU = Release|Any CPU
	EndGlobalSection
	GlobalSection(ProjectConfigurationPlatforms) = postSolution
		{3330B58E-F1D1-4B1A-AEF9-E18727299828}.Debug|Any CPU.ActiveCfg = Debug|Any CPU
		{3330B58E-F1D1-4B1A-AEF9-E18727299828}.Debug|Any CPU.Build.0 = Debug|Any CPU
		{3330B58E-F1D1-4B1A-AEF9-E18727299828}.Production|Any CPU.ActiveCfg = Production|Any CPU
		{3330B58E-F1D1-4B1A-AEF9-E18727299828}.Production|Any CPU.Build.0 = Production|Any CPU
		{3330B58E-F1D1-4B1A-AEF9-E18727299828}.Qa|Any CPU.ActiveCfg = Qa|Any CPU
		{3330B58E-F1D1-4B1A-AEF9-E18727299828}.Qa|Any CPU.Build.0 = Qa|Any CPU
		{3330B58E-F1D1-4B1A-AEF9-E18727299828}.Release|Any CPU.ActiveCfg = Qa|Any CPU
		{3330B58E-F1D1-4B1A-AEF9-E18727299828}.Release|Any CPU.Build.0 = Qa|Any CPU
		{2DF58F5B-852B-49EE-8575-84DA1979941C}.Debug|Any CPU.ActiveCfg = Debug|Any CPU
		{2DF58F5B-852B-49EE-8575-84DA1979941C}.Debug|Any CPU.Build.0 = Debug|Any CPU
		{2DF58F5B-852B-49EE-8575-84DA1979941C}.Production|Any CPU.ActiveCfg = Production|Any CPU
		{2DF58F5B-852B-49EE-8575-84DA1979941C}.Production|Any CPU.Build.0 = Production|Any CPU
		{2DF58F5B-852B-49EE-8575-84DA1979941C}.Qa|Any CPU.ActiveCfg = Qa|Any CPU
		{2DF58F5B-852B-49EE-8575-84DA1979941C}.Qa|Any CPU.Build.0 = Qa|Any CPU
		{2DF58F5B-852B-49EE-8575-84DA1979941C}.Release|Any CPU.ActiveCfg = Qa|Any CPU
		{2DF58F5B-852B-49EE-8575-84DA1979941C}.Release|Any CPU.Build.0 = Qa|Any CPU
		{020544DB-CF3F-4A06-8D68-EC7E6CF5A6AB}.Debug|Any CPU.ActiveCfg = Debug|Any CPU
		{020544DB-CF3F-4A06-8D68-EC7E6CF5A6AB}.Debug|Any CPU.Build.0 = Debug|Any CPU
		{020544DB-CF3F-4A06-8D68-EC7E6CF5A6AB}.Production|Any CPU.ActiveCfg = Production|Any CPU
		{020544DB-CF3F-4A06-8D68-EC7E6CF5A6AB}.Production|Any CPU.Build.0 = Production|Any CPU
		{020544DB-CF3F-4A06-8D68-EC7E6CF5A6AB}.Qa|Any CPU.ActiveCfg = Qa|Any CPU
		{020544DB-CF3F-4A06-8D68-EC7E6CF5A6AB}.Qa|Any CPU.Build.0 = Qa|Any CPU
		{020544DB-CF3F-4A06-8D68-EC7E6CF5A6AB}.Release|Any CPU.ActiveCfg = Qa|Any CPU
		{020544DB-CF3F-4A06-8D68-EC7E6CF5A6AB}.Release|Any CPU.Build.0 = Qa|Any CPU
		{349AA861-12B4-4F99-B9A8-3503F59671CC}.Debug|Any CPU.ActiveCfg = Debug|Any CPU
		{349AA861-12B4-4F99-B9A8-3503F59671CC}.Debug|Any CPU.Build.0 = Debug|Any CPU
		{349AA861-12B4-4F99-B9A8-3503F59671CC}.Production|Any CPU.ActiveCfg = Production|Any CPU
		{349AA861-12B4-4F99-B9A8-3503F59671CC}.Production|Any CPU.Build.0 = Production|Any CPU
		{349AA861-12B4-4F99-B9A8-3503F59671CC}.Qa|Any CPU.ActiveCfg = Qa|Any CPU
		{349AA861-12B4-4F99-B9A8-3503F59671CC}.Qa|Any CPU.Build.0 = Qa|Any CPU
		{349AA861-12B4-4F99-B9A8-3503F59671CC}.Release|Any CPU.ActiveCfg = Qa|Any CPU
		{349AA861-12B4-4F99-B9A8-3503F59671CC}.Release|Any CPU.Build.0 = Qa|Any CPU
		{6D91DB22-BBBB-4E0D-9DF9-71FCD5920521}.Debug|Any CPU.ActiveCfg = Debug|Any CPU
		{6D91DB22-BBBB-4E0D-9DF9-71FCD5920521}.Debug|Any CPU.Build.0 = Debug|Any CPU
		{6D91DB22-BBBB-4E0D-9DF9-71FCD5920521}.Production|Any CPU.ActiveCfg = Production|Any CPU
		{6D91DB22-BBBB-4E0D-9DF9-71FCD5920521}.Production|Any CPU.Build.0 = Production|Any CPU
		{6D91DB22-BBBB-4E0D-9DF9-71FCD5920521}.Qa|Any CPU.ActiveCfg = Qa|Any CPU
		{6D91DB22-BBBB-4E0D-9DF9-71FCD5920521}.Qa|Any CPU.Build.0 = Qa|Any CPU
		{6D91DB22-BBBB-4E0D-9DF9-71FCD5920521}.Release|Any CPU.ActiveCfg = Qa|Any CPU
		{6D91DB22-BBBB-4E0D-9DF9-71FCD5920521}.Release|Any CPU.Build.0 = Qa|Any CPU
		{A328261A-D481-4D86-A48E-4CDC29A7C3E7}.Debug|Any CPU.ActiveCfg = Debug|Any CPU
		{A328261A-D481-4D86-A48E-4CDC29A7C3E7}.Debug|Any CPU.Build.0 = Debug|Any CPU
		{A328261A-D481-4D86-A48E-4CDC29A7C3E7}.Production|Any CPU.ActiveCfg = Production|Any CPU
		{A328261A-D481-4D86-A48E-4CDC29A7C3E7}.Production|Any CPU.Build.0 = Production|Any CPU
		{A328261A-D481-4D86-A48E-4CDC29A7C3E7}.Qa|Any CPU.ActiveCfg = Qa|Any CPU
		{A328261A-D481-4D86-A48E-4CDC29A7C3E7}.Qa|Any CPU.Build.0 = Qa|Any CPU
		{A328261A-D481-4D86-A48E-4CDC29A7C3E7}.Release|Any CPU.ActiveCfg = Qa|Any CPU
		{A328261A-D481-4D86-A48E-4CDC29A7C3E7}.Release|Any CPU.Build.0 = Qa|Any CPU
		{C39ACC9F-28EF-410D-922E-F3F1DECAEAC1}.Debug|Any CPU.ActiveCfg = Debug|Any CPU
		{C39ACC9F-28EF-410D-922E-F3F1DECAEAC1}.Debug|Any CPU.Build.0 = Debug|Any CPU
		{C39ACC9F-28EF-410D-922E-F3F1DECAEAC1}.Production|Any CPU.ActiveCfg = Production|Any CPU
		{C39ACC9F-28EF-410D-922E-F3F1DECAEAC1}.Production|Any CPU.Build.0 = Production|Any CPU
		{C39ACC9F-28EF-410D-922E-F3F1DECAEAC1}.Qa|Any CPU.ActiveCfg = Qa|Any CPU
		{C39ACC9F-28EF-410D-922E-F3F1DECAEAC1}.Qa|Any CPU.Build.0 = Qa|Any CPU
		{C39ACC9F-28EF-410D-922E-F3F1DECAEAC1}.Release|Any CPU.ActiveCfg = Qa|Any CPU
		{C39ACC9F-28EF-410D-922E-F3F1DECAEAC1}.Release|Any CPU.Build.0 = Qa|Any CPU
		{8E52FD99-57B7-4D5B-9847-0D5F371CCAAD}.Debug|Any CPU.ActiveCfg = Debug|Any CPU
		{8E52FD99-57B7-4D5B-9847-0D5F371CCAAD}.Debug|Any CPU.Build.0 = Debug|Any CPU
		{8E52FD99-57B7-4D5B-9847-0D5F371CCAAD}.Production|Any CPU.ActiveCfg = Debug|Any CPU
		{8E52FD99-57B7-4D5B-9847-0D5F371CCAAD}.Production|Any CPU.Build.0 = Debug|Any CPU
		{8E52FD99-57B7-4D5B-9847-0D5F371CCAAD}.Qa|Any CPU.ActiveCfg = Debug|Any CPU
		{8E52FD99-57B7-4D5B-9847-0D5F371CCAAD}.Qa|Any CPU.Build.0 = Debug|Any CPU
		{8E52FD99-57B7-4D5B-9847-0D5F371CCAAD}.Release|Any CPU.ActiveCfg = Release|Any CPU
		{8E52FD99-57B7-4D5B-9847-0D5F371CCAAD}.Release|Any CPU.Build.0 = Release|Any CPU
		{02B730E0-03CB-4A40-B3E4-9098D18BE5D9}.Debug|Any CPU.ActiveCfg = Debug|Any CPU
		{02B730E0-03CB-4A40-B3E4-9098D18BE5D9}.Debug|Any CPU.Build.0 = Debug|Any CPU
		{02B730E0-03CB-4A40-B3E4-9098D18BE5D9}.Production|Any CPU.ActiveCfg = Debug|Any CPU
		{02B730E0-03CB-4A40-B3E4-9098D18BE5D9}.Production|Any CPU.Build.0 = Debug|Any CPU
		{02B730E0-03CB-4A40-B3E4-9098D18BE5D9}.Qa|Any CPU.ActiveCfg = Debug|Any CPU
		{02B730E0-03CB-4A40-B3E4-9098D18BE5D9}.Qa|Any CPU.Build.0 = Debug|Any CPU
		{02B730E0-03CB-4A40-B3E4-9098D18BE5D9}.Release|Any CPU.ActiveCfg = Release|Any CPU
		{02B730E0-03CB-4A40-B3E4-9098D18BE5D9}.Release|Any CPU.Build.0 = Release|Any CPU
		{843D35D3-7626-41B3-9B20-3B9F749391FF}.Debug|Any CPU.ActiveCfg = Debug|Any CPU
		{843D35D3-7626-41B3-9B20-3B9F749391FF}.Debug|Any CPU.Build.0 = Debug|Any CPU
		{843D35D3-7626-41B3-9B20-3B9F749391FF}.Production|Any CPU.ActiveCfg = Debug|Any CPU
		{843D35D3-7626-41B3-9B20-3B9F749391FF}.Production|Any CPU.Build.0 = Debug|Any CPU
		{843D35D3-7626-41B3-9B20-3B9F749391FF}.Qa|Any CPU.ActiveCfg = Debug|Any CPU
		{843D35D3-7626-41B3-9B20-3B9F749391FF}.Qa|Any CPU.Build.0 = Debug|Any CPU
		{843D35D3-7626-41B3-9B20-3B9F749391FF}.Release|Any CPU.ActiveCfg = Release|Any CPU
		{843D35D3-7626-41B3-9B20-3B9F749391FF}.Release|Any CPU.Build.0 = Release|Any CPU
	EndGlobalSection
	GlobalSection(SolutionProperties) = preSolution
		HideSolutionNode = FALSE
	EndGlobalSection
	GlobalSection(NestedProjects) = preSolution
		{3330B58E-F1D1-4B1A-AEF9-E18727299828} = {45492238-5506-4B78-9EC4-8A361912D8B0}
		{2DF58F5B-852B-49EE-8575-84DA1979941C} = {45492238-5506-4B78-9EC4-8A361912D8B0}
		{020544DB-CF3F-4A06-8D68-EC7E6CF5A6AB} = {45492238-5506-4B78-9EC4-8A361912D8B0}
		{349AA861-12B4-4F99-B9A8-3503F59671CC} = {45492238-5506-4B78-9EC4-8A361912D8B0}
		{6D91DB22-BBBB-4E0D-9DF9-71FCD5920521} = {45492238-5506-4B78-9EC4-8A361912D8B0}
		{A328261A-D481-4D86-A48E-4CDC29A7C3E7} = {3566329B-4000-43DA-BDD5-CD14586130D0}
		{C39ACC9F-28EF-410D-922E-F3F1DECAEAC1} = {3566329B-4000-43DA-BDD5-CD14586130D0}
		{8E52FD99-57B7-4D5B-9847-0D5F371CCAAD} = {45492238-5506-4B78-9EC4-8A361912D8B0}
		{02B730E0-03CB-4A40-B3E4-9098D18BE5D9} = {3566329B-4000-43DA-BDD5-CD14586130D0}
		{843D35D3-7626-41B3-9B20-3B9F749391FF} = {45492238-5506-4B78-9EC4-8A361912D8B0}
	EndGlobalSection
	GlobalSection(ExtensibilityGlobals) = postSolution
		SolutionGuid = {2AD62770-22FA-4C62-9136-D7232AD15256}
	EndGlobalSection
EndGlobal
